
Microsoft Visual Studio Solution File, Format Version 12.00
# Visual Studio Version 16
VisualStudioVersion = 16.0.32413.511
MinimumVisualStudioVersion = 10.0.40219.1
Project("{FAE04EC0-301F-11D3-BF4B-00C04F79EFBC}") = "SecondLab2ex", "SecondLab2ex.csproj", "{EB608D32-BD6D-4B87-935A-4BCA61407374}"
EndProject
Global
	GlobalSection(SolutionConfigurationPlatforms) = preSolution
		Debug|Any CPU = Debug|Any CPU
		Release|Any CPU = Release|Any CPU
	EndGlobalSection
	GlobalSection(ProjectConfigurationPlatforms) = postSolution
		{EB608D32-BD6D-4B87-935A-4BCA61407374}.Debug|Any CPU.ActiveCfg = Debug|Any CPU
		{EB608D32-BD6D-4B87-935A-4BCA61407374}.Debug|Any CPU.Build.0 = Debug|Any CPU
		{EB608D32-BD6D-4B87-935A-4BCA61407374}.Release|Any CPU.ActiveCfg = Release|Any CPU
		{EB608D32-BD6D-4B87-935A-4BCA61407374}.Release|Any CPU.Build.0 = Release|Any CPU
	EndGlobalSection
	GlobalSection(SolutionProperties) = preSolution
		HideSolutionNode = FALSE
	EndGlobalSection
	GlobalSection(ExtensibilityGlobals) = postSolution
		SolutionGuid = {AA8ADD0D-B7F6-4B3B-9099-5F64BC3D8420}
	EndGlobalSection
EndGlobal
